
Microsoft Visual Studio Solution File, Format Version 12.00
# Visual Studio Version 16
VisualStudioVersion = 16.0.28803.352
MinimumVisualStudioVersion = 10.0.40219.1
Project("{8BC9CEB8-8B4A-11D0-8D11-00A0C91BC942}") = "aby3_tests", "aby3_tests\aby3_tests.vcxproj", "{E2622D5B-73B4-4EF0-B9AF-15CCA97D9729}"
	ProjectSection(ProjectDependencies) = postProject
		{FD60CAE8-ABAB-433C-BC50-D867DE0234B1} = {FD60CAE8-ABAB-433C-BC50-D867DE0234B1}
	EndProjectSection
EndProject
Project("{8BC9CEB8-8B4A-11D0-8D11-00A0C91BC942}") = "frontend", "frontend\frontend.vcxproj", "{2E41409B-3E10-418E-98E1-FA14D521EBE8}"
	ProjectSection(ProjectDependencies) = postProject
		{A9913C31-C04E-4866-B55A-6FB2EBEB4DA2} = {A9913C31-C04E-4866-B55A-6FB2EBEB4DA2}
		{FA9F5640-AA66-4D41-AFC6-50282C31C866} = {FA9F5640-AA66-4D41-AFC6-50282C31C866}
		{E2622D5B-73B4-4EF0-B9AF-15CCA97D9729} = {E2622D5B-73B4-4EF0-B9AF-15CCA97D9729}
		{60A64974-ACDE-40EC-8016-A165F112E155} = {60A64974-ACDE-40EC-8016-A165F112E155}
		{FD60CAE8-ABAB-433C-BC50-D867DE0234B1} = {FD60CAE8-ABAB-433C-BC50-D867DE0234B1}
	EndProjectSection
EndProject
Project("{8BC9CEB8-8B4A-11D0-8D11-00A0C91BC942}") = "com-psi", "com-psi\com-psi.vcxproj", "{FA9F5640-AA66-4D41-AFC6-50282C31C866}"
	ProjectSection(ProjectDependencies) = postProject
		{FD60CAE8-ABAB-433C-BC50-D867DE0234B1} = {FD60CAE8-ABAB-433C-BC50-D867DE0234B1}
	EndProjectSection
EndProject
Project("{8BC9CEB8-8B4A-11D0-8D11-00A0C91BC942}") = "com-psi_tests", "com-psi_tests\com-psi_tests.vcxproj", "{A9913C31-C04E-4866-B55A-6FB2EBEB4DA2}"
	ProjectSection(ProjectDependencies) = postProject
		{FA9F5640-AA66-4D41-AFC6-50282C31C866} = {FA9F5640-AA66-4D41-AFC6-50282C31C866}
	EndProjectSection
EndProject
Project("{8BC9CEB8-8B4A-11D0-8D11-00A0C91BC942}") = "aby3", "aby3\aby3.vcxproj", "{FD60CAE8-ABAB-433C-BC50-D867DE0234B1}"
EndProject
Project("{8BC9CEB8-8B4A-11D0-8D11-00A0C91BC942}") = "aby3-ML", "aby3-ML\aby3-ML.vcxproj", "{60A64974-ACDE-40EC-8016-A165F112E155}"
EndProject
Global
	GlobalSection(SolutionConfigurationPlatforms) = preSolution
		Debug|x64 = Debug|x64
		Debug|x86 = Debug|x86
		Release|x64 = Release|x64
		Release|x86 = Release|x86
	EndGlobalSection
	GlobalSection(ProjectConfigurationPlatforms) = postSolution
		{E2622D5B-73B4-4EF0-B9AF-15CCA97D9729}.Debug|x64.ActiveCfg = Debug|x64
		{E2622D5B-73B4-4EF0-B9AF-15CCA97D9729}.Debug|x64.Build.0 = Debug|x64
		{E2622D5B-73B4-4EF0-B9AF-15CCA97D9729}.Debug|x86.ActiveCfg = Debug|Win32
		{E2622D5B-73B4-4EF0-B9AF-15CCA97D9729}.Debug|x86.Build.0 = Debug|Win32
		{E2622D5B-73B4-4EF0-B9AF-15CCA97D9729}.Release|x64.ActiveCfg = Release|x64
		{E2622D5B-73B4-4EF0-B9AF-15CCA97D9729}.Release|x64.Build.0 = Release|x64
		{E2622D5B-73B4-4EF0-B9AF-15CCA97D9729}.Release|x86.ActiveCfg = Release|Win32
		{E2622D5B-73B4-4EF0-B9AF-15CCA97D9729}.Release|x86.Build.0 = Release|Win32
		{2E41409B-3E10-418E-98E1-FA14D521EBE8}.Debug|x64.ActiveCfg = Debug|x64
		{2E41409B-3E10-418E-98E1-FA14D521EBE8}.Debug|x64.Build.0 = Debug|x64
		{2E41409B-3E10-418E-98E1-FA14D521EBE8}.Debug|x86.ActiveCfg = Debug|Win32
		{2E41409B-3E10-418E-98E1-FA14D521EBE8}.Debug|x86.Build.0 = Debug|Win32
		{2E41409B-3E10-418E-98E1-FA14D521EBE8}.Release|x64.ActiveCfg = Release|x64
		{2E41409B-3E10-418E-98E1-FA14D521EBE8}.Release|x64.Build.0 = Release|x64
		{2E41409B-3E10-418E-98E1-FA14D521EBE8}.Release|x86.ActiveCfg = Release|Win32
		{2E41409B-3E10-418E-98E1-FA14D521EBE8}.Release|x86.Build.0 = Release|Win32
		{FA9F5640-AA66-4D41-AFC6-50282C31C866}.Debug|x64.ActiveCfg = Debug|x64
		{FA9F5640-AA66-4D41-AFC6-50282C31C866}.Debug|x64.Build.0 = Debug|x64
		{FA9F5640-AA66-4D41-AFC6-50282C31C866}.Debug|x86.ActiveCfg = Debug|Win32
		{FA9F5640-AA66-4D41-AFC6-50282C31C866}.Debug|x86.Build.0 = Debug|Win32
		{FA9F5640-AA66-4D41-AFC6-50282C31C866}.Release|x64.ActiveCfg = Release|x64
		{FA9F5640-AA66-4D41-AFC6-50282C31C866}.Release|x64.Build.0 = Release|x64
		{FA9F5640-AA66-4D41-AFC6-50282C31C866}.Release|x86.ActiveCfg = Release|Win32
		{FA9F5640-AA66-4D41-AFC6-50282C31C866}.Release|x86.Build.0 = Release|Win32
		{A9913C31-C04E-4866-B55A-6FB2EBEB4DA2}.Debug|x64.ActiveCfg = Debug|x64
		{A9913C31-C04E-4866-B55A-6FB2EBEB4DA2}.Debug|x64.Build.0 = Debug|x64
		{A9913C31-C04E-4866-B55A-6FB2EBEB4DA2}.Debug|x86.ActiveCfg = Debug|Win32
		{A9913C31-C04E-4866-B55A-6FB2EBEB4DA2}.Debug|x86.Build.0 = Debug|Win32
		{A9913C31-C04E-4866-B55A-6FB2EBEB4DA2}.Release|x64.ActiveCfg = Release|x64
		{A9913C31-C04E-4866-B55A-6FB2EBEB4DA2}.Release|x64.Build.0 = Release|x64
		{A9913C31-C04E-4866-B55A-6FB2EBEB4DA2}.Release|x86.ActiveCfg = Release|Win32
		{A9913C31-C04E-4866-B55A-6FB2EBEB4DA2}.Release|x86.Build.0 = Release|Win32
		{FD60CAE8-ABAB-433C-BC50-D867DE0234B1}.Debug|x64.ActiveCfg = Debug|x64
		{FD60CAE8-ABAB-433C-BC50-D867DE0234B1}.Debug|x64.Build.0 = Debug|x64
		{FD60CAE8-ABAB-433C-BC50-D867DE0234B1}.Debug|x86.ActiveCfg = Debug|x64
		{FD60CAE8-ABAB-433C-BC50-D867DE0234B1}.Release|x64.ActiveCfg = Release|x64
		{FD60CAE8-ABAB-433C-BC50-D867DE0234B1}.Release|x64.Build.0 = Release|x64
		{FD60CAE8-ABAB-433C-BC50-D867DE0234B1}.Release|x86.ActiveCfg = Release|x64
		{60A64974-ACDE-40EC-8016-A165F112E155}.Debug|x64.ActiveCfg = Debug|x64
		{60A64974-ACDE-40EC-8016-A165F112E155}.Debug|x64.Build.0 = Debug|x64
		{60A64974-ACDE-40EC-8016-A165F112E155}.Debug|x86.ActiveCfg = Debug|Win32
		{60A64974-ACDE-40EC-8016-A165F112E155}.Debug|x86.Build.0 = Debug|Win32
		{60A64974-ACDE-40EC-8016-A165F112E155}.Release|x64.ActiveCfg = Release|x64
		{60A64974-ACDE-40EC-8016-A165F112E155}.Release|x64.Build.0 = Release|x64
		{60A64974-ACDE-40EC-8016-A165F112E155}.Release|x86.ActiveCfg = Release|Win32
		{60A64974-ACDE-40EC-8016-A165F112E155}.Release|x86.Build.0 = Release|Win32
	EndGlobalSection
	GlobalSection(SolutionProperties) = preSolution
		HideSolutionNode = FALSE
	EndGlobalSection
	GlobalSection(ExtensibilityGlobals) = postSolution
		SolutionGuid = {C508BA5C-9F48-4BC1-A3C0-14625E51D6FB}
	EndGlobalSection
	GlobalSection(Performance) = preSolution
		HasPerformanceSessions = true
	EndGlobalSection
	GlobalSection(Performance) = preSolution
		HasPerformanceSessions = true
	EndGlobalSection
	GlobalSection(Performance) = preSolution
		HasPerformanceSessions = true
	EndGlobalSection
	GlobalSection(Performance) = preSolution
		HasPerformanceSessions = true
	EndGlobalSection
	GlobalSection(Performance) = preSolution
		HasPerformanceSessions = true
	EndGlobalSection
	GlobalSection(Performance) = preSolution
		HasPerformanceSessions = true
	EndGlobalSection
	GlobalSection(Performance) = preSolution
		HasPerformanceSessions = true
	EndGlobalSection
	GlobalSection(Performance) = preSolution
		HasPerformanceSessions = true
	EndGlobalSection
	GlobalSection(Performance) = preSolution
		HasPerformanceSessions = true
	EndGlobalSection
	GlobalSection(Performance) = preSolution
		HasPerformanceSessions = true
	EndGlobalSection
EndGlobal
