<?xml version="1.0" encoding="utf-8"?>
<Project ToolsVersion="4.0" xmlns="http://schemas.microsoft.com/developer/msbuild/2003">
  <ItemGroup>
    <Filter Include="Source Files">
      <UniqueIdentifier>{4FC737F1-C7A5-4376-A066-2A32D752A2FF}</UniqueIdentifier>
      <Extensions>cpp;c;cc;cxx;def;odl;idl;hpj;bat;asm;asmx</Extensions>
    </Filter>
    <Filter Include="Header Files">
      <UniqueIdentifier>{93995380-89BD-4b04-88EB-625FBE52EBFB}</UniqueIdentifier>
      <Extensions>h;hh;hpp;hxx;hm;inl;inc;xsd</Extensions>
    </Filter>
    <Filter Include="Resource Files">
      <UniqueIdentifier>{67DA6AB6-F800-4c08-8B7A-83BB121AAD01}</UniqueIdentifier>
      <Extensions>rc;ico;cur;bmp;dlg;rc2;rct;bin;rgs;gif;jpg;jpeg;jpe;resx;tiff;tif;png;wav;mfcribbon-ms</Extensions>
    </Filter>
  </ItemGroup>
  <ItemGroup>
    <ClCompile Include="main.cpp">
      <Filter>Source Files</Filter>
    </ClCompile>
    <ClCompile Include="Engines\PlainEngine.cpp">
      <Filter>Source Files</Filter>
    </ClCompile>
    <ClCompile Include="DataGenerator\LinearModelGen.cpp">
      <Filter>Source Files</Filter>
    </ClCompile>
    <ClCompile Include="Engines\LynxEngine.cpp">
      <Filter>Source Files</Filter>
    </ClCompile>
    <ClCompile Include="Tests\LynxTests.cpp">
      <Filter>Source Files</Filter>
    </ClCompile>
    <ClCompile Include="Engines\FoxEngine.cpp">
      <Filter>Source Files</Filter>
    </ClCompile>
    <ClCompile Include="Tests\FoxTests.cpp">
      <Filter>Source Files</Filter>
    </ClCompile>
    <ClCompile Include="Tests\CircuitTests.cpp">
      <Filter>Source Files</Filter>
    </ClCompile>
    <ClCompile Include="OT\SharedOT.cpp">
      <Filter>Source Files</Filter>
    </ClCompile>
    <ClCompile Include="online\linear.cpp">
      <Filter>Source Files</Filter>
    </ClCompile>
    <ClCompile Include="online\logistic.cpp">
      <Filter>Source Files</Filter>
    </ClCompile>
    <ClCompile Include="Engines\Lynx\LynxPiecewise.cpp">
      <Filter>Source Files</Filter>
    </ClCompile>
    <ClCompile Include="Engines\Lynx\LynxBinaryEngine.cpp">
      <Filter>Source Files</Filter>
    </ClCompile>
    <ClCompile Include="DataGenerator\NeuralModelGen.cpp">
      <Filter>Source Files</Filter>
    </ClCompile>
    <ClCompile Include="Circuit\BetaLibrary.cpp">
      <Filter>Source Files</Filter>
    </ClCompile>
    <ClCompile Include="Circuit\BetaCircuit.cpp">
      <Filter>Source Files</Filter>
    </ClCompile>
    <ClCompile Include="Circuit\Garble.cpp">
      <Filter>Source Files</Filter>
    </ClCompile>
    <ClCompile Include="online\pred.cpp">
      <Filter>Source Files</Filter>
    </ClCompile>
    <ClCompile Include="micro\micro.cpp">
      <Filter>Source Files</Filter>
    </ClCompile>
  </ItemGroup>
  <ItemGroup>
    <ClInclude Include="Engines\PlainEngine.h">
      <Filter>Header Files</Filter>
    </ClInclude>
    <ClInclude Include="DataGenerator\LinearModelGen.h">
      <Filter>Header Files</Filter>
    </ClInclude>
    <ClInclude Include="Engines\LynxEngine.h">
      <Filter>Header Files</Filter>
    </ClInclude>
    <ClInclude Include="Tests\LynxTests.h">
      <Filter>Header Files</Filter>
    </ClInclude>
    <ClInclude Include="Engines\FoxEngine.h">
      <Filter>Header Files</Filter>
    </ClInclude>
    <ClInclude Include="Tests\FoxTests.h">
      <Filter>Header Files</Filter>
    </ClInclude>
    <ClInclude Include="Circuit\Gate.h">
      <Filter>Header Files</Filter>
    </ClInclude>
    <ClInclude Include="Tests\CircuitTests.h">
      <Filter>Header Files</Filter>
    </ClInclude>
    <ClInclude Include="OT\SharedOT.h">
      <Filter>Header Files</Filter>
    </ClInclude>
    <ClInclude Include="online\linear.h">
      <Filter>Header Files</Filter>
    </ClInclude>
    <ClInclude Include="online\logistic.h">
      <Filter>Header Files</Filter>
    </ClInclude>
    <ClInclude Include="online\Regression.h">
      <Filter>Header Files</Filter>
    </ClInclude>
    <ClInclude Include="Engines\Lynx\LynxPiecewise.h">
      <Filter>Header Files</Filter>
    </ClInclude>
    <ClInclude Include="Engines\Lynx\LynxBinaryEngine.h">
      <Filter>Header Files</Filter>
    </ClInclude>
    <ClInclude Include="Engines\Lynx\LynxDefines.h">
      <Filter>Header Files</Filter>
    </ClInclude>
    <ClInclude Include="DataGenerator\NeuralModelGen.h">
      <Filter>Header Files</Filter>
    </ClInclude>
    <ClInclude Include="Circuit\BetaLibrary.h">
      <Filter>Header Files</Filter>
    </ClInclude>
    <ClInclude Include="Circuit\BetaCircuit.h">
      <Filter>Header Files</Filter>
    </ClInclude>
    <ClInclude Include="Circuit\Garble.h">
      <Filter>Header Files</Filter>
    </ClInclude>
    <ClInclude Include="online\pred.h">
      <Filter>Header Files</Filter>
    </ClInclude>
    <ClInclude Include="micro\micro.h">
      <Filter>Header Files</Filter>
    </ClInclude>
  </ItemGroup>
  <ItemGroup>
    <None Include="..\SecureMLTests\SecureMLTestsVS\SecureMLTests.vcxproj" />
  </ItemGroup>
</Project>